
Microsoft Visual Studio Solution File, Format Version 12.00
# Visual Studio Version 17
VisualStudioVersion = 17.3.32811.315
MinimumVisualStudioVersion = 10.0.40219.1
Project("{9A19103F-16F7-4668-BE54-9A1E7A4F7556}") = "Calxium.WebHost", "ui-prototype\Calxium.WebHost\Calxium.WebHost.csproj", "{B41653E2-5DFC-4AB3-9CEC-16B53594CC1B}"
EndProject
Project("{9A19103F-16F7-4668-BE54-9A1E7A4F7556}") = "Calxium.ReferenceApp", "ui-prototype\Calxium.ReferenceApp\Calxium.ReferenceApp.csproj", "{51706B1C-A95D-408A-BAD1-6C7C6BDC6D07}"
EndProject
Project("{9A19103F-16F7-4668-BE54-9A1E7A4F7556}") = "Calxium.UI.Core", "Calxium.UI.Core\Calxium.UI.Core.csproj", "{8A58340B-B052-4774-8D10-CF6FA9BFD4C9}"
EndProject
Project("{FAE04EC0-301F-11D3-BF4B-00C04F79EFBC}") = "Calxium.UI.SystemSettings", "Calxium.UI.SystemSettings\Calxium.UI.SystemSettings.csproj", "{AF50BBE0-062C-4A4A-B92F-83801FFE8C72}"
EndProject
Global
	GlobalSection(SolutionConfigurationPlatforms) = preSolution
		Debug|Any CPU = Debug|Any CPU
		Release|Any CPU = Release|Any CPU
	EndGlobalSection
	GlobalSection(ProjectConfigurationPlatforms) = postSolution
		{B41653E2-5DFC-4AB3-9CEC-16B53594CC1B}.Debug|Any CPU.ActiveCfg = Debug|Any CPU
		{B41653E2-5DFC-4AB3-9CEC-16B53594CC1B}.Debug|Any CPU.Build.0 = Debug|Any CPU
		{B41653E2-5DFC-4AB3-9CEC-16B53594CC1B}.Release|Any CPU.ActiveCfg = Release|Any CPU
		{B41653E2-5DFC-4AB3-9CEC-16B53594CC1B}.Release|Any CPU.Build.0 = Release|Any CPU
		{51706B1C-A95D-408A-BAD1-6C7C6BDC6D07}.Debug|Any CPU.ActiveCfg = Debug|Any CPU
		{51706B1C-A95D-408A-BAD1-6C7C6BDC6D07}.Debug|Any CPU.Build.0 = Debug|Any CPU
		{51706B1C-A95D-408A-BAD1-6C7C6BDC6D07}.Release|Any CPU.ActiveCfg = Release|Any CPU
		{51706B1C-A95D-408A-BAD1-6C7C6BDC6D07}.Release|Any CPU.Build.0 = Release|Any CPU
		{8A58340B-B052-4774-8D10-CF6FA9BFD4C9}.Debug|Any CPU.ActiveCfg = Debug|Any CPU
		{8A58340B-B052-4774-8D10-CF6FA9BFD4C9}.Debug|Any CPU.Build.0 = Debug|Any CPU
		{8A58340B-B052-4774-8D10-CF6FA9BFD4C9}.Release|Any CPU.ActiveCfg = Release|Any CPU
		{8A58340B-B052-4774-8D10-CF6FA9BFD4C9}.Release|Any CPU.Build.0 = Release|Any CPU
		{AF50BBE0-062C-4A4A-B92F-83801FFE8C72}.Debug|Any CPU.ActiveCfg = Debug|Any CPU
		{AF50BBE0-062C-4A4A-B92F-83801FFE8C72}.Debug|Any CPU.Build.0 = Debug|Any CPU
		{AF50BBE0-062C-4A4A-B92F-83801FFE8C72}.Release|Any CPU.ActiveCfg = Release|Any CPU
		{AF50BBE0-062C-4A4A-B92F-83801FFE8C72}.Release|Any CPU.Build.0 = Release|Any CPU
	EndGlobalSection
	GlobalSection(SolutionProperties) = preSolution
		HideSolutionNode = FALSE
	EndGlobalSection
	GlobalSection(ExtensibilityGlobals) = postSolution
		SolutionGuid = {AEE3497E-2951-4087-96B2-0816F733835B}
	EndGlobalSection
EndGlobal
